PODS:
  - Flutter (1.0.0)
  - RiveRuntime (2.0.29)

DEPENDENCIES:
  - Flutter (from `Flutter`)
  - RiveRuntime (= 2.0.29)

SPEC REPOS:
  trunk:
    - RiveRuntime

EXTERNAL SOURCES:
  Flutter:
    :path: Flutter

SPEC CHECKSUMS:
  Flutter: f04841e97a9d0b0a8025694d0796dd46242b2854
  RiveRuntime: 018e08154143499b24b166a6415e60ce61d2fafd

PODFILE CHECKSUM: fefc754d9dd44c43c26ca176e1fe776d976f91c6

COCOAPODS: 1.11.3
